// !$*UTF8*$!
{
	archiveVersion = 1;
	classes = {
	};
	objectVersion = 50;
	objects = {

/* Begin PBXBuildFile section */
		2B7D52CB22645BA500AA57D0 /* AppDelegate.swift in Sources */ = {isa = PBXBuildFile; fileRef = 2B7D52CA22645BA500AA57D0 /* AppDelegate.swift */; };
		2B7D52CD22645BA500AA57D0 /* HomeViewController.swift in Sources */ = {isa = PBXBuildFile; fileRef = 2B7D52CC22645BA500AA57D0 /* HomeViewController.swift */; };
		2B7D52D022645BA500AA57D0 /* Main.storyboard in Resources */ = {isa = PBXBuildFile; fileRef = 2B7D52CE22645BA500AA57D0 /* Main.storyboard */; };
		2B7D52D222645BA700AA57D0 /* Assets.xcassets in Resources */ = {isa = PBXBuildFile; fileRef = 2B7D52D122645BA700AA57D0 /* Assets.xcassets */; };
		2B7D52D522645BA700AA57D0 /* LaunchScreen.storyboard in Resources */ = {isa = PBXBuildFile; fileRef = 2B7D52D322645BA700AA57D0 /* LaunchScreen.storyboard */; };
		2B7D52DF22645F3E00AA57D0 /* RegisterViewController.swift in Sources */ = {isa = PBXBuildFile; fileRef = 2B7D52DE22645F3E00AA57D0 /* RegisterViewController.swift */; };
		2B7D52E122645F8E00AA57D0 /* DetailViewController.swift in Sources */ = {isa = PBXBuildFile; fileRef = 2B7D52E022645F8E00AA57D0 /* DetailViewController.swift */; };
		2BA9741222658CDF00C1DF7A /* CustomCollectionViewCell.swift in Sources */ = {isa = PBXBuildFile; fileRef = 2BA9741022658CDF00C1DF7A /* CustomCollectionViewCell.swift */; };
		2BA9741322658CDF00C1DF7A /* CustomCollectionViewCell.xib in Resources */ = {isa = PBXBuildFile; fileRef = 2BA9741122658CDF00C1DF7A /* CustomCollectionViewCell.xib */; };
		2BE80ABE22677E1D00AD4C70 /* Book.swift in Sources */ = {isa = PBXBuildFile; fileRef = 2BE80ABD22677E1D00AD4C70 /* Book.swift */; };
		98AC53F171978DF763406849 /* Pods_RealmSampleApp.framework in Frameworks */ = {isa = PBXBuildFile; fileRef = D4545F4CFA48DA09BFA8BB37 /* Pods_RealmSampleApp.framework */; };
/* End PBXBuildFile section */

/* Begin PBXFileReference section */
		2B7D52C722645BA500AA57D0 /* RealmSampleApp.app */ = {isa = PBXFileReference; explicitFileType = wrapper.application; includeInIndex = 0; path = RealmSampleApp.app; sourceTree = BUILT_PRODUCTS_DIR; };
		2B7D52CA22645BA500AA57D0 /* AppDelegate.swift */ = {isa = PBXFileReference; lastKnownFileType = sourcecode.swift; path = AppDelegate.swift; sourceTree = "<group>"; };
		2B7D52CC22645BA500AA57D0 /* HomeViewController.swift */ = {isa = PBXFileReference; lastKnownFileType = sourcecode.swift; path = HomeViewController.swift; sourceTree = "<group>"; };
		2B7D52CF22645BA500AA57D0 /* Base */ = {isa = PBXFileReference; lastKnownFileType = file.storyboard; name = Base; path = Base.lproj/Main.storyboard; sourceTree = "<group>"; };
		2B7D52D122645BA700AA57D0 /* Assets.xcassets */ = {isa = PBXFileReference; lastKnownFileType = folder.assetcatalog; path = Assets.xcassets; sourceTree = "<group>"; };
		2B7D52D422645BA700AA57D0 /* Base */ = {isa = PBXFileReference; lastKnownFileType = file.storyboard; name = Base; path = Base.lproj/LaunchScreen.storyboard; sourceTree = "<group>"; };
		2B7D52D622645BA700AA57D0 /* Info.plist */ = {isa = PBXFileReference; lastKnownFileType = text.plist.xml; path = Info.plist; sourceTree = "<group>"; };
		2B7D52DE22645F3E00AA57D0 /* RegisterViewController.swift */ = {isa = PBXFileReference; lastKnownFileType = sourcecode.swift; path = RegisterViewController.swift; sourceTree = "<group>"; };
		2B7D52E022645F8E00AA57D0 /* DetailViewController.swift */ = {isa = PBXFileReference; lastKnownFileType = sourcecode.swift; path = DetailViewController.swift; sourceTree = "<group>"; };
		2BA9741022658CDF00C1DF7A /* CustomCollectionViewCell.swift */ = {isa = PBXFileReference; lastKnownFileType = sourcecode.swift; path = CustomCollectionViewCell.swift; sourceTree = "<group>"; };
		2BA9741122658CDF00C1DF7A /* CustomCollectionViewCell.xib */ = {isa = PBXFileReference; lastKnownFileType = file.xib; path = CustomCollectionViewCell.xib; sourceTree = "<group>"; };
		2BE80ABD22677E1D00AD4C70 /* Book.swift */ = {isa = PBXFileReference; lastKnownFileType = sourcecode.swift; path = Book.swift; sourceTree = "<group>"; };
		83633FABE9DC6B15C5F4997A /* Pods-RealmSampleApp.release.xcconfig */ = {isa = PBXFileReference; includeInIndex = 1; lastKnownFileType = text.xcconfig; name = "Pods-RealmSampleApp.release.xcconfig"; path = "Target Support Files/Pods-RealmSampleApp/Pods-RealmSampleApp.release.xcconfig"; sourceTree = "<group>"; };
		C7C79F62E169B4006E5616E0 /* Pods-RealmSampleApp.debug.xcconfig */ = {isa = PBXFileReference; includeInIndex = 1; lastKnownFileType = text.xcconfig; name = "Pods-RealmSampleApp.debug.xcconfig"; path = "Target Support Files/Pods-RealmSampleApp/Pods-RealmSampleApp.debug.xcconfig"; sourceTree = "<group>"; };
		D4545F4CFA48DA09BFA8BB37 /* Pods_RealmSampleApp.framework */ = {isa = PBXFileReference; explicitFileType = wrapper.framework; includeInIndex = 0; path = Pods_RealmSampleApp.framework; sourceTree = BUILT_PRODUCTS_DIR; };
/* End PBXFileReference section */

/* Begin PBXFrameworksBuildPhase section */
		2B7D52C422645BA500AA57D0 /* Frameworks */ = {
			isa = PBXFrameworksBuildPhase;
			buildActionMask = 2147483647;
			files = (
				98AC53F171978DF763406849 /* Pods_RealmSampleApp.framework in Frameworks */,
			);
			runOnlyForDeploymentPostprocessing = 0;
		};
/* End PBXFrameworksBuildPhase section */

/* Begin PBXGroup section */
		2B7D52BE22645BA500AA57D0 = {
			isa = PBXGroup;
			children = (
				2B7D52C922645BA500AA57D0 /* RealmSampleApp */,
				2B7D52C822645BA500AA57D0 /* Products */,
				4FDE657B697F289415F7DF27 /* Pods */,
				542248B819C062B2156DE995 /* Frameworks */,
			);
			sourceTree = "<group>";
		};
		2B7D52C822645BA500AA57D0 /* Products */ = {
			isa = PBXGroup;
			children = (
				2B7D52C722645BA500AA57D0 /* RealmSampleApp.app */,
			);
			name = Products;
			sourceTree = "<group>";
		};
		2B7D52C922645BA500AA57D0 /* RealmSampleApp */ = {
			isa = PBXGroup;
			children = (
				2B7D52DC22645E3500AA57D0 /* Resources */,
				2B7D52DD22645E4300AA57D0 /* Sources */,
			);
			path = RealmSampleApp;
			sourceTree = "<group>";
		};
		2B7D52DC22645E3500AA57D0 /* Resources */ = {
			isa = PBXGroup;
			children = (
				2B7D52CE22645BA500AA57D0 /* Main.storyboard */,
				2B7D52D322645BA700AA57D0 /* LaunchScreen.storyboard */,
				2B7D52D622645BA700AA57D0 /* Info.plist */,
				2B7D52D122645BA700AA57D0 /* Assets.xcassets */,
			);
			path = Resources;
			sourceTree = "<group>";
		};
		2B7D52DD22645E4300AA57D0 /* Sources */ = {
			isa = PBXGroup;
			children = (
				2B7D52CA22645BA500AA57D0 /* AppDelegate.swift */,
				2BE80ABC22677E0400AD4C70 /* Model */,
				2BA9740F22658CAC00C1DF7A /* Cell */,
				2B7D52E22264615100AA57D0 /* ViewController */,
			);
			path = Sources;
			sourceTree = "<group>";
		};
		2B7D52E22264615100AA57D0 /* ViewController */ = {
			isa = PBXGroup;
			children = (
				2B7D52CC22645BA500AA57D0 /* HomeViewController.swift */,
				2B7D52DE22645F3E00AA57D0 /* RegisterViewController.swift */,
				2B7D52E022645F8E00AA57D0 /* DetailViewController.swift */,
			);
			path = ViewController;
			sourceTree = "<group>";
		};
		2BA9740F22658CAC00C1DF7A /* Cell */ = {
			isa = PBXGroup;
			children = (
				2BA9741022658CDF00C1DF7A /* CustomCollectionViewCell.swift */,
				2BA9741122658CDF00C1DF7A /* CustomCollectionViewCell.xib */,
			);
			path = Cell;
			sourceTree = "<group>";
		};
		2BE80ABC22677E0400AD4C70 /* Model */ = {
			isa = PBXGroup;
			children = (
				2BE80ABD22677E1D00AD4C70 /* Book.swift */,
			);
			path = Model;
			sourceTree = "<group>";
		};
		4FDE657B697F289415F7DF27 /* Pods */ = {
			isa = PBXGroup;
			children = (
				C7C79F62E169B4006E5616E0 /* Pods-RealmSampleApp.debug.xcconfig */,
				83633FABE9DC6B15C5F4997A /* Pods-RealmSampleApp.release.xcconfig */,
			);
			path = Pods;
			sourceTree = "<group>";
		};
		542248B819C062B2156DE995 /* Frameworks */ = {
			isa = PBXGroup;
			children = (
				D4545F4CFA48DA09BFA8BB37 /* Pods_RealmSampleApp.framework */,
			);
			name = Frameworks;
			sourceTree = "<group>";
		};
/* End PBXGroup section */

/* Begin PBXNativeTarget section */
		2B7D52C622645BA500AA57D0 /* RealmSampleApp */ = {
			isa = PBXNativeTarget;
			buildConfigurationList = 2B7D52D922645BA700AA57D0 /* Build configuration list for PBXNativeTarget "RealmSampleApp" */;
			buildPhases = (
				A26F24D4D69295BA00977A6B /* [CP] Check Pods Manifest.lock */,
				2B7D52C322645BA500AA57D0 /* Sources */,
				2B7D52C422645BA500AA57D0 /* Frameworks */,
				2B7D52C522645BA500AA57D0 /* Resources */,
				FE2260113015FF09D922D0ED /* [CP] Embed Pods Frameworks */,
			);
			buildRules = (
			);
			dependencies = (
			);
			name = RealmSampleApp;
			productName = RealmSampleApp;
			productReference = 2B7D52C722645BA500AA57D0 /* RealmSampleApp.app */;
			productType = "com.apple.product-type.application";
		};
/* End PBXNativeTarget section */

/* Begin PBXProject section */
		2B7D52BF22645BA500AA57D0 /* Project object */ = {
			isa = PBXProject;
			attributes = {
				LastSwiftUpdateCheck = 1020;
				LastUpgradeCheck = 1020;
				ORGANIZATIONNAME = "Satoshi Komatsu";
				TargetAttributes = {
					2B7D52C622645BA500AA57D0 = {
						CreatedOnToolsVersion = 10.2;
					};
				};
			};
			buildConfigurationList = 2B7D52C222645BA500AA57D0 /* Build configuration list for PBXProject "RealmSampleApp" */;
			compatibilityVersion = "Xcode 9.3";
			developmentRegion = en;
			hasScannedForEncodings = 0;
			knownRegions = (
				en,
				Base,
			);
			mainGroup = 2B7D52BE22645BA500AA57D0;
			productRefGroup = 2B7D52C822645BA500AA57D0 /* Products */;
			projectDirPath = "";
			projectRoot = "";
			targets = (
				2B7D52C622645BA500AA57D0 /* RealmSampleApp */,
			);
		};
/* End PBXProject section */

/* Begin PBXResourcesBuildPhase section */
		2B7D52C522645BA500AA57D0 /* Resources */ = {
			isa = PBXResourcesBuildPhase;
			buildActionMask = 2147483647;
			files = (
				2B7D52D522645BA700AA57D0 /* LaunchScreen.storyboard in Resources */,
				2B7D52D222645BA700AA57D0 /* Assets.xcassets in Resources */,
				2B7D52D022645BA500AA57D0 /* Main.storyboard in Resources */,
				2BA9741322658CDF00C1DF7A /* CustomCollectionViewCell.xib in Resources */,
			);
			runOnlyForDeploymentPostprocessing = 0;
		};
/* End PBXResourcesBuildPhase section */

/* Begin PBXShellScriptBuildPhase section */
		A26F24D4D69295BA00977A6B /* [CP] Check Pods Manifest.lock */ = {
			isa = PBXShellScriptBuildPhase;
			buildActionMask = 2147483647;
			files = (
			);
			inputFileListPaths = (
			);
			inputPaths = (
				"${PODS_PODFILE_DIR_PATH}/Podfile.lock",
				"${PODS_ROOT}/Manifest.lock",
			);
			name = "[CP] Check Pods Manifest.lock";
			outputFileListPaths = (
			);
			outputPaths = (
				"$(DERIVED_FILE_DIR)/Pods-RealmSampleApp-checkManifestLockResult.txt",
			);
			runOnlyForDeploymentPostprocessing = 0;
			shellPath = /bin/sh;
			shellScript = "diff \"${PODS_PODFILE_DIR_PATH}/Podfile.lock\" \"${PODS_ROOT}/Manifest.lock\" > /dev/null\nif [ $? != 0 ] ; then\n    # print error to STDERR\n    echo \"error: The sandbox is not in sync with the Podfile.lock. Run 'pod install' or update your CocoaPods installation.\" >&2\n    exit 1\nfi\n# This output is used by Xcode 'outputs' to avoid re-running this script phase.\necho \"SUCCESS\" > \"${SCRIPT_OUTPUT_FILE_0}\"\n";
			showEnvVarsInLog = 0;
		};
		FE2260113015FF09D922D0ED /* [CP] Embed Pods Frameworks */ = {
			isa = PBXShellScriptBuildPhase;
			buildActionMask = 2147483647;
			files = (
			);
			inputFileListPaths = (
			);
			inputPaths = (
				"${PODS_ROOT}/Target Support Files/Pods-RealmSampleApp/Pods-RealmSampleApp-frameworks.sh",
				"${BUILT_PRODUCTS_DIR}/Realm/Realm.framework",
				"${BUILT_PRODUCTS_DIR}/RealmSwift/RealmSwift.framework",
			);
			name = "[CP] Embed Pods Frameworks";
			outputFileListPaths = (
			);
			outputPaths = (
				"${TARGET_BUILD_DIR}/${FRAMEWORKS_FOLDER_PATH}/Realm.framework",
				"${TARGET_BUILD_DIR}/${FRAMEWORKS_FOLDER_PATH}/RealmSwift.framework",
			);
			runOnlyForDeploymentPostprocessing = 0;
			shellPath = /bin/sh;
			shellScript = "\"${PODS_ROOT}/Target Support Files/Pods-RealmSampleApp/Pods-RealmSampleApp-frameworks.sh\"\n";
			showEnvVarsInLog = 0;
		};
/* End PBXShellScriptBuildPhase section */

/* Begin PBXSourcesBuildPhase section */
		2B7D52C322645BA500AA57D0 /* Sources */ = {
			isa = PBXSourcesBuildPhase;
			buildActionMask = 2147483647;
			files = (
				2B7D52DF22645F3E00AA57D0 /* RegisterViewController.swift in Sources */,
				2BA9741222658CDF00C1DF7A /* CustomCollectionViewCell.swift in Sources */,
				2BE80ABE22677E1D00AD4C70 /* Book.swift in Sources */,
				2B7D52CD22645BA500AA57D0 /* HomeViewController.swift in Sources */,
				2B7D52CB22645BA500AA57D0 /* AppDelegate.swift in Sources */,
				2B7D52E122645F8E00AA57D0 /* DetailViewController.swift in Sources */,
			);
			runOnlyForDeploymentPostprocessing = 0;
		};
/* End PBXSourcesBuildPhase section */

/* Begin PBXVariantGroup section */
		2B7D52CE22645BA500AA57D0 /* Main.storyboard */ = {
			isa = PBXVariantGroup;
			children = (
				2B7D52CF22645BA500AA57D0 /* Base */,
			);
			name = Main.storyboard;
			sourceTree = "<group>";
		};
		2B7D52D322645BA700AA57D0 /* LaunchScreen.storyboard */ = {
			isa = PBXVariantGroup;
			children = (
				2B7D52D422645BA700AA57D0 /* Base */,
			);
			name = LaunchScreen.storyboard;
			sourceTree = "<group>";
		};
/* End PBXVariantGroup section */

/* Begin XCBuildConfiguration section */
		2B7D52D722645BA700AA57D0 /* Debug */ = {
			isa = XCBuildConfiguration;
			buildSettings = {
				ALWAYS_SEARCH_USER_PATHS = NO;
				CLANG_ANALYZER_NONNULL = YES;
				CLANG_ANALYZER_NUMBER_OBJECT_CONVERSION = YES_AGGRESSIVE;
				CLANG_CXX_LANGUAGE_STANDARD = "gnu++14";
				CLANG_CXX_LIBRARY = "libc++";
				CLANG_ENABLE_MODULES = YES;
				CLANG_ENABLE_OBJC_ARC = YES;
				CLANG_ENABLE_OBJC_WEAK = YES;
				CLANG_WARN_BLOCK_CAPTURE_AUTORELEASING = YES;
				CLANG_WARN_BOOL_CONVERSION = YES;
				CLANG_WARN_COMMA = YES;
				CLANG_WARN_CONSTANT_CONVERSION = YES;
				CLANG_WARN_DEPRECATED_OBJC_IMPLEMENTATIONS = YES;
				CLANG_WARN_DIRECT_OBJC_ISA_USAGE = YES_ERROR;
				CLANG_WARN_DOCUMENTATION_COMMENTS = YES;
				CLANG_WARN_EMPTY_BODY = YES;
				CLANG_WARN_ENUM_CONVERSION = YES;
				CLANG_WARN_INFINITE_RECURSION = YES;
				CLANG_WARN_INT_CONVERSION = YES;
				CLANG_WARN_NON_LITERAL_NULL_CONVERSION = YES;
				CLANG_WARN_OBJC_IMPLICIT_RETAIN_SELF = YES;
				CLANG_WARN_OBJC_LITERAL_CONVERSION = YES;
				CLANG_WARN_OBJC_ROOT_CLASS = YES_ERROR;
				CLANG_WARN_RANGE_LOOP_ANALYSIS = YES;
				CLANG_WARN_STRICT_PROTOTYPES = YES;
				CLANG_WARN_SUSPICIOUS_MOVE = YES;
				CLANG_WARN_UNGUARDED_AVAILABILITY = YES_AGGRESSIVE;
				CLANG_WARN_UNREACHABLE_CODE = YES;
				CLANG_WARN__DUPLICATE_METHOD_MATCH = YES;
				CODE_SIGN_IDENTITY = "iPhone Developer";
				COPY_PHASE_STRIP = NO;
				DEBUG_INFORMATION_FORMAT = dwarf;
				ENABLE_STRICT_OBJC_MSGSEND = YES;
				ENABLE_TESTABILITY = YES;
				GCC_C_LANGUAGE_STANDARD = gnu11;
				GCC_DYNAMIC_NO_PIC = NO;
				GCC_NO_COMMON_BLOCKS = YES;
				GCC_OPTIMIZATION_LEVEL = 0;
				GCC_PREPROCESSOR_DEFINITIONS = (
					"DEBUG=1",
					"$(inherited)",
				);
				GCC_WARN_64_TO_32_BIT_CONVERSION = YES;
				GCC_WARN_ABOUT_RETURN_TYPE = YES_ERROR;
				GCC_WARN_UNDECLARED_SELECTOR = YES;
				GCC_WARN_UNINITIALIZED_AUTOS = YES_AGGRESSIVE;
				GCC_WARN_UNUSED_FUNCTION = YES;
				GCC_WARN_UNUSED_VARIABLE = YES;
				IPHONEOS_DEPLOYMENT_TARGET = 12.2;
				MTL_ENABLE_DEBUG_INFO = INCLUDE_SOURCE;
				MTL_FAST_MATH = YES;
				ONLY_ACTIVE_ARCH = YES;
				SDKROOT = iphoneos;
				SWIFT_ACTIVE_COMPILATION_CONDITIONS = DEBUG;
				SWIFT_OPTIMIZATION_LEVEL = "-Onone";
			};
			name = Debug;
		};
		2B7D52D822645BA700AA57D0 /* Release */ = {
			isa = XCBuildConfiguration;
			buildSettings = {
				ALWAYS_SEARCH_USER_PATHS = NO;
				CLANG_ANALYZER_NONNULL = YES;
				CLANG_ANALYZER_NUMBER_OBJECT_CONVERSION = YES_AGGRESSIVE;
				CLANG_CXX_LANGUAGE_STANDARD = "gnu++14";
				CLANG_CXX_LIBRARY = "libc++";
				CLANG_ENABLE_MODULES = YES;
				CLANG_ENABLE_OBJC_ARC = YES;
				CLANG_ENABLE_OBJC_WEAK = YES;
				CLANG_WARN_BLOCK_CAPTURE_AUTORELEASING = YES;
				CLANG_WARN_BOOL_CONVERSION = YES;
				CLANG_WARN_COMMA = YES;
				CLANG_WARN_CONSTANT_CONVERSION = YES;
				CLANG_WARN_DEPRECATED_OBJC_IMPLEMENTATIONS = YES;
				CLANG_WARN_DIRECT_OBJC_ISA_USAGE = YES_ERROR;
				CLANG_WARN_DOCUMENTATION_COMMENTS = YES;
				CLANG_WARN_EMPTY_BODY = YES;
				CLANG_WARN_ENUM_CONVERSION = YES;
				CLANG_WARN_INFINITE_RECURSION = YES;
				CLANG_WARN_INT_CONVERSION = YES;
				CLANG_WARN_NON_LITERAL_NULL_CONVERSION = YES;
				CLANG_WARN_OBJC_IMPLICIT_RETAIN_SELF = YES;
				CLANG_WARN_OBJC_LITERAL_CONVERSION = YES;
				CLANG_WARN_OBJC_ROOT_CLASS = YES_ERROR;
				CLANG_WARN_RANGE_LOOP_ANALYSIS = YES;
				CLANG_WARN_STRICT_PROTOTYPES = YES;
				CLANG_WARN_SUSPICIOUS_MOVE = YES;
				CLANG_WARN_UNGUARDED_AVAILABILITY = YES_AGGRESSIVE;
				CLANG_WARN_UNREACHABLE_CODE = YES;
				CLANG_WARN__DUPLICATE_METHOD_MATCH = YES;
				CODE_SIGN_IDENTITY = "iPhone Developer";
				COPY_PHASE_STRIP = NO;
				DEBUG_INFORMATION_FORMAT = "dwarf-with-dsym";
				ENABLE_NS_ASSERTIONS = NO;
				ENABLE_STRICT_OBJC_MSGSEND = YES;
				GCC_C_LANGUAGE_STANDARD = gnu11;
				GCC_NO_COMMON_BLOCKS = YES;
				GCC_WARN_64_TO_32_BIT_CONVERSION = YES;
				GCC_WARN_ABOUT_RETURN_TYPE = YES_ERROR;
				GCC_WARN_UNDECLARED_SELECTOR = YES;
				GCC_WARN_UNINITIALIZED_AUTOS = YES_AGGRESSIVE;
				GCC_WARN_UNUSED_FUNCTION = YES;
				GCC_WARN_UNUSED_VARIABLE = YES;
				IPHONEOS_DEPLOYMENT_TARGET = 12.2;
				MTL_ENABLE_DEBUG_INFO = NO;
				MTL_FAST_MATH = YES;
				SDKROOT = iphoneos;
				SWIFT_COMPILATION_MODE = wholemodule;
				SWIFT_OPTIMIZATION_LEVEL = "-O";
				VALIDATE_PRODUCT = YES;
			};
			name = Release;
		};
		2B7D52DA22645BA700AA57D0 /* Debug */ = {
			isa = XCBuildConfiguration;
			baseConfigurationReference = C7C79F62E169B4006E5616E0 /* Pods-RealmSampleApp.debug.xcconfig */;
			buildSettings = {
				ASSETCATALOG_COMPILER_APPICON_NAME = AppIcon;
				CODE_SIGN_STYLE = Automatic;
				DEVELOPMENT_TEAM = 56787CM63P;
				INFOPLIST_FILE = RealmSampleApp/Resources/Info.plist;
				IPHONEOS_DEPLOYMENT_TARGET = 12.1;
				LD_RUNPATH_SEARCH_PATHS = (
					"$(inherited)",
					"@executable_path/Frameworks",
				);
				PRODUCT_BUNDLE_IDENTIFIER = tosh7.RealmSampleApp;
				PRODUCT_NAME = "$(TARGET_NAME)";
				SWIFT_VERSION = 5.0;
				TARGETED_DEVICE_FAMILY = 1;
			};
			name = Debug;
		};
		2B7D52DB22645BA700AA57D0 /* Release */ = {
			isa = XCBuildConfiguration;
			baseConfigurationReference = 83633FABE9DC6B15C5F4997A /* Pods-RealmSampleApp.release.xcconfig */;
			buildSettings = {
				ASSETCATALOG_COMPILER_APPICON_NAME = AppIcon;
				CODE_SIGN_STYLE = Automatic;
				DEVELOPMENT_TEAM = 56787CM63P;
				INFOPLIST_FILE = RealmSampleApp/Resources/Info.plist;
				IPHONEOS_DEPLOYMENT_TARGET = 12.1;
				LD_RUNPATH_SEARCH_PATHS = (
					"$(inherited)",
					"@executable_path/Frameworks",
				);
				PRODUCT_BUNDLE_IDENTIFIER = tosh7.RealmSampleApp;
				PRODUCT_NAME = "$(TARGET_NAME)";
				SWIFT_VERSION = 5.0;
				TARGETED_DEVICE_FAMILY = 1;
			};
			name = Release;
		};
/* End XCBuildConfiguration section */

/* Begin XCConfigurationList section */
		2B7D52C222645BA500AA57D0 /* Build configuration list for PBXProject "RealmSampleApp" */ = {
			isa = XCConfigurationList;
			buildConfigurations = (
				2B7D52D722645BA700AA57D0 /* Debug */,
				2B7D52D822645BA700AA57D0 /* Release */,
			);
			defaultConfigurationIsVisible = 0;
			defaultConfigurationName = Release;
		};
		2B7D52D922645BA700AA57D0 /* Build configuration list for PBXNativeTarget "RealmSampleApp" */ = {
			isa = XCConfigurationList;
			buildConfigurations = (
				2B7D52DA22645BA700AA57D0 /* Debug */,
				2B7D52DB22645BA700AA57D0 /* Release */,
			);
			defaultConfigurationIsVisible = 0;
			defaultConfigurationName = Release;
		};
/* End XCConfigurationList section */
	};
	rootObject = 2B7D52BF22645BA500AA57D0 /* Project object */;
}
